
Microsoft Visual Studio Solution File, Format Version 12.00
# Visual Studio Version 17
VisualStudioVersion = 17.8.34316.72
MinimumVisualStudioVersion = 10.0.40219.1
Project("{FAE04EC0-301F-11D3-BF4B-00C04F79EFBC}") = "AOC_2023_5_part2", "AOC_2023_5_part2.csproj", "{12F219CD-25C9-4FC8-BC91-AF54F1D624BC}"
EndProject
Global
	GlobalSection(SolutionConfigurationPlatforms) = preSolution
		Debug|Any CPU = Debug|Any CPU
		Release|Any CPU = Release|Any CPU
	EndGlobalSection
	GlobalSection(ProjectConfigurationPlatforms) = postSolution
		{12F219CD-25C9-4FC8-BC91-AF54F1D624BC}.Debug|Any CPU.ActiveCfg = Debug|Any CPU
		{12F219CD-25C9-4FC8-BC91-AF54F1D624BC}.Debug|Any CPU.Build.0 = Debug|Any CPU
		{12F219CD-25C9-4FC8-BC91-AF54F1D624BC}.Release|Any CPU.ActiveCfg = Release|Any CPU
		{12F219CD-25C9-4FC8-BC91-AF54F1D624BC}.Release|Any CPU.Build.0 = Release|Any CPU
	EndGlobalSection
	GlobalSection(SolutionProperties) = preSolution
		HideSolutionNode = FALSE
	EndGlobalSection
	GlobalSection(ExtensibilityGlobals) = postSolution
		SolutionGuid = {E602E821-40CE-46AF-9BAC-3808D176843F}
	EndGlobalSection
EndGlobal
